
Microsoft Visual Studio Solution File, Format Version 12.00
# Visual Studio Version 17
VisualStudioVersion = 17.0.31903.59
MinimumVisualStudioVersion = 10.0.40219.1
Project("{2150E333-8FDC-42A3-9474-1A3956D46DE8}") = "src", "src", "{35D624E7-D0FA-4216-B182-E1DCD08D8646}"
EndProject
Project("{FAE04EC0-301F-11D3-BF4B-00C04F79EFBC}") = "Npgsql.DocumentDB", "src\Npgsql.DocumentDB\Npgsql.DocumentDB.csproj", "{38663BD1-8D3D-4927-AEB9-854A4CB3609E}"
EndProject
Project("{2150E333-8FDC-42A3-9474-1A3956D46DE8}") = "test", "test", "{47B1898C-F857-4117-AC61-8DBDBF484F9A}"
EndProject
Project("{FAE04EC0-301F-11D3-BF4B-00C04F79EFBC}") = "Npgsql.DocumentDB.Tests", "test\Npgsql.DocumentDB.Tests\Npgsql.DocumentDB.Tests.csproj", "{A44EDE6F-B3A4-4C86-8432-E60F0FDF6F4D}"
EndProject
Global
	GlobalSection(SolutionConfigurationPlatforms) = preSolution
		Debug|Any CPU = Debug|Any CPU
		Release|Any CPU = Release|Any CPU
	EndGlobalSection
	GlobalSection(SolutionProperties) = preSolution
		HideSolutionNode = FALSE
	EndGlobalSection
	GlobalSection(ProjectConfigurationPlatforms) = postSolution
		{38663BD1-8D3D-4927-AEB9-854A4CB3609E}.Debug|Any CPU.ActiveCfg = Debug|Any CPU
		{38663BD1-8D3D-4927-AEB9-854A4CB3609E}.Debug|Any CPU.Build.0 = Debug|Any CPU
		{38663BD1-8D3D-4927-AEB9-854A4CB3609E}.Release|Any CPU.ActiveCfg = Release|Any CPU
		{38663BD1-8D3D-4927-AEB9-854A4CB3609E}.Release|Any CPU.Build.0 = Release|Any CPU
		{A44EDE6F-B3A4-4C86-8432-E60F0FDF6F4D}.Debug|Any CPU.ActiveCfg = Debug|Any CPU
		{A44EDE6F-B3A4-4C86-8432-E60F0FDF6F4D}.Debug|Any CPU.Build.0 = Debug|Any CPU
		{A44EDE6F-B3A4-4C86-8432-E60F0FDF6F4D}.Release|Any CPU.ActiveCfg = Release|Any CPU
		{A44EDE6F-B3A4-4C86-8432-E60F0FDF6F4D}.Release|Any CPU.Build.0 = Release|Any CPU
	EndGlobalSection
	GlobalSection(NestedProjects) = preSolution
		{38663BD1-8D3D-4927-AEB9-854A4CB3609E} = {35D624E7-D0FA-4216-B182-E1DCD08D8646}
		{A44EDE6F-B3A4-4C86-8432-E60F0FDF6F4D} = {47B1898C-F857-4117-AC61-8DBDBF484F9A}
	EndGlobalSection
EndGlobal
